// !$*UTF8*$!
{
	archiveVersion = 1;
	classes = {
	};
	objectVersion = 50;
	objects = {

/* Begin PBXBuildFile section */
		1C0620DB2629DD47005C67D8 /* AppDelegate.swift in Sources */ = {isa = PBXBuildFile; fileRef = 1C0620DA2629DD47005C67D8 /* AppDelegate.swift */; };
		1C0620DD2629DD47005C67D8 /* SceneDelegate.swift in Sources */ = {isa = PBXBuildFile; fileRef = 1C0620DC2629DD47005C67D8 /* SceneDelegate.swift */; };
		1C0620DF2629DD47005C67D8 /* HomeController.swift in Sources */ = {isa = PBXBuildFile; fileRef = 1C0620DE2629DD47005C67D8 /* HomeController.swift */; };
		1C0620E22629DD47005C67D8 /* Main.storyboard in Resources */ = {isa = PBXBuildFile; fileRef = 1C0620E02629DD47005C67D8 /* Main.storyboard */; };
		1C0620E42629DD48005C67D8 /* Assets.xcassets in Resources */ = {isa = PBXBuildFile; fileRef = 1C0620E32629DD48005C67D8 /* Assets.xcassets */; };
		1C0620E72629DD48005C67D8 /* LaunchScreen.storyboard in Resources */ = {isa = PBXBuildFile; fileRef = 1C0620E52629DD48005C67D8 /* LaunchScreen.storyboard */; };
		1C0620FB2629E276005C67D8 /* API.swift in Sources */ = {isa = PBXBuildFile; fileRef = 1C0620FA2629E276005C67D8 /* API.swift */; };
		1C0620FF2629E2E9005C67D8 /* TextField.swift in Sources */ = {isa = PBXBuildFile; fileRef = 1C0620FE2629E2E9005C67D8 /* TextField.swift */; };
/* End PBXBuildFile section */

/* Begin PBXFileReference section */
		1C0620D72629DD47005C67D8 /* Pirt rosivda.app */ = {isa = PBXFileReference; explicitFileType = wrapper.application; includeInIndex = 0; path = "Pirt rosivda.app"; sourceTree = BUILT_PRODUCTS_DIR; };
		1C0620DA2629DD47005C67D8 /* AppDelegate.swift */ = {isa = PBXFileReference; lastKnownFileType = sourcecode.swift; path = AppDelegate.swift; sourceTree = "<group>"; };
		1C0620DC2629DD47005C67D8 /* SceneDelegate.swift */ = {isa = PBXFileReference; lastKnownFileType = sourcecode.swift; path = SceneDelegate.swift; sourceTree = "<group>"; };
		1C0620DE2629DD47005C67D8 /* HomeController.swift */ = {isa = PBXFileReference; lastKnownFileType = sourcecode.swift; path = HomeController.swift; sourceTree = "<group>"; };
		1C0620E12629DD47005C67D8 /* Base */ = {isa = PBXFileReference; lastKnownFileType = file.storyboard; name = Base; path = Base.lproj/Main.storyboard; sourceTree = "<group>"; };
		1C0620E32629DD48005C67D8 /* Assets.xcassets */ = {isa = PBXFileReference; lastKnownFileType = folder.assetcatalog; path = Assets.xcassets; sourceTree = "<group>"; };
		1C0620E62629DD48005C67D8 /* Base */ = {isa = PBXFileReference; lastKnownFileType = file.storyboard; name = Base; path = Base.lproj/LaunchScreen.storyboard; sourceTree = "<group>"; };
		1C0620E82629DD48005C67D8 /* Info.plist */ = {isa = PBXFileReference; lastKnownFileType = text.plist.xml; name = Info.plist; path = "Pirt rosivda/Info.plist"; sourceTree = SOURCE_ROOT; };
		1C0620FA2629E276005C67D8 /* API.swift */ = {isa = PBXFileReference; lastKnownFileType = sourcecode.swift; path = API.swift; sourceTree = "<group>"; };
		1C0620FE2629E2E9005C67D8 /* TextField.swift */ = {isa = PBXFileReference; lastKnownFileType = sourcecode.swift; path = TextField.swift; sourceTree = "<group>"; };
/* End PBXFileReference section */

/* Begin PBXFrameworksBuildPhase section */
		1C0620D42629DD47005C67D8 /* Frameworks */ = {
			isa = PBXFrameworksBuildPhase;
			buildActionMask = 2147483647;
			files = (
			);
			runOnlyForDeploymentPostprocessing = 0;
		};
/* End PBXFrameworksBuildPhase section */

/* Begin PBXGroup section */
		1C0620CE2629DD47005C67D8 = {
			isa = PBXGroup;
			children = (
				1C0620D92629DD47005C67D8 /* Pirt rosivda */,
				1C0620D82629DD47005C67D8 /* Products */,
			);
			sourceTree = "<group>";
		};
		1C0620D82629DD47005C67D8 /* Products */ = {
			isa = PBXGroup;
			children = (
				1C0620D72629DD47005C67D8 /* Pirt rosivda.app */,
			);
			name = Products;
			sourceTree = "<group>";
		};
		1C0620D92629DD47005C67D8 /* Pirt rosivda */ = {
			isa = PBXGroup;
			children = (
				1C0620E82629DD48005C67D8 /* Info.plist */,
				1C0620F72629E18B005C67D8 /* Services */,
				1C0620F62629E050005C67D8 /* Supporting Files */,
				1C0620F52629E03D005C67D8 /* Resources */,
				1C0620F42629E034005C67D8 /* Views */,
				1C0620F32629E00A005C67D8 /* Models */,
				1C0620F22629DFC1005C67D8 /* Controllers */,
			);
			path = "Pirt rosivda";
			sourceTree = "<group>";
		};
		1C0620F22629DFC1005C67D8 /* Controllers */ = {
			isa = PBXGroup;
			children = (
				1C0620DE2629DD47005C67D8 /* HomeController.swift */,
			);
			path = Controllers;
			sourceTree = "<group>";
		};
		1C0620F32629E00A005C67D8 /* Models */ = {
			isa = PBXGroup;
			children = (
			);
			path = Models;
			sourceTree = "<group>";
		};
		1C0620F42629E034005C67D8 /* Views */ = {
			isa = PBXGroup;
			children = (
				1C0620F92629E208005C67D8 /* Custom Views */,
				1C0620F82629E1E6005C67D8 /* Storyboards */,
			);
			path = Views;
			sourceTree = "<group>";
		};
		1C0620F52629E03D005C67D8 /* Resources */ = {
			isa = PBXGroup;
			children = (
				1C0620E32629DD48005C67D8 /* Assets.xcassets */,
			);
			path = Resources;
			sourceTree = "<group>";
		};
		1C0620F62629E050005C67D8 /* Supporting Files */ = {
			isa = PBXGroup;
			children = (
				1C0620DC2629DD47005C67D8 /* SceneDelegate.swift */,
				1C0620DA2629DD47005C67D8 /* AppDelegate.swift */,
			);
			path = "Supporting Files";
			sourceTree = "<group>";
		};
		1C0620F72629E18B005C67D8 /* Services */ = {
			isa = PBXGroup;
			children = (
				1C0620FA2629E276005C67D8 /* API.swift */,
			);
			path = Services;
			sourceTree = "<group>";
		};
		1C0620F82629E1E6005C67D8 /* Storyboards */ = {
			isa = PBXGroup;
			children = (
				1C0620E52629DD48005C67D8 /* LaunchScreen.storyboard */,
				1C0620E02629DD47005C67D8 /* Main.storyboard */,
			);
			path = Storyboards;
			sourceTree = "<group>";
		};
		1C0620F92629E208005C67D8 /* Custom Views */ = {
			isa = PBXGroup;
			children = (
				1C0620FE2629E2E9005C67D8 /* TextField.swift */,
			);
			path = "Custom Views";
			sourceTree = "<group>";
		};
/* End PBXGroup section */

/* Begin PBXNativeTarget section */
		1C0620D62629DD47005C67D8 /* Pirt rosivda */ = {
			isa = PBXNativeTarget;
			buildConfigurationList = 1C0620EB2629DD48005C67D8 /* Build configuration list for PBXNativeTarget "Pirt rosivda" */;
			buildPhases = (
				1C0620D32629DD47005C67D8 /* Sources */,
				1C0620D42629DD47005C67D8 /* Frameworks */,
				1C0620D52629DD47005C67D8 /* Resources */,
			);
			buildRules = (
			);
			dependencies = (
			);
			name = "Pirt rosivda";
			productName = "Pirt rosivda";
			productReference = 1C0620D72629DD47005C67D8 /* Pirt rosivda.app */;
			productType = "com.apple.product-type.application";
		};
/* End PBXNativeTarget section */

/* Begin PBXProject section */
		1C0620CF2629DD47005C67D8 /* Project object */ = {
			isa = PBXProject;
			attributes = {
				LastSwiftUpdateCheck = 1240;
				LastUpgradeCheck = 1240;
				TargetAttributes = {
					1C0620D62629DD47005C67D8 = {
						CreatedOnToolsVersion = 12.4;
					};
				};
			};
			buildConfigurationList = 1C0620D22629DD47005C67D8 /* Build configuration list for PBXProject "Pirt rosivda" */;
			compatibilityVersion = "Xcode 9.3";
			developmentRegion = en;
			hasScannedForEncodings = 0;
			knownRegions = (
				en,
				Base,
			);
			mainGroup = 1C0620CE2629DD47005C67D8;
			productRefGroup = 1C0620D82629DD47005C67D8 /* Products */;
			projectDirPath = "";
			projectRoot = "";
			targets = (
				1C0620D62629DD47005C67D8 /* Pirt rosivda */,
			);
		};
/* End PBXProject section */

/* Begin PBXResourcesBuildPhase section */
		1C0620D52629DD47005C67D8 /* Resources */ = {
			isa = PBXResourcesBuildPhase;
			buildActionMask = 2147483647;
			files = (
				1C0620E72629DD48005C67D8 /* LaunchScreen.storyboard in Resources */,
				1C0620E42629DD48005C67D8 /* Assets.xcassets in Resources */,
				1C0620E22629DD47005C67D8 /* Main.storyboard in Resources */,
			);
			runOnlyForDeploymentPostprocessing = 0;
		};
/* End PBXResourcesBuildPhase section */

/* Begin PBXSourcesBuildPhase section */
		1C0620D32629DD47005C67D8 /* Sources */ = {
			isa = PBXSourcesBuildPhase;
			buildActionMask = 2147483647;
			files = (
				1C0620DF2629DD47005C67D8 /* HomeController.swift in Sources */,
				1C0620DB2629DD47005C67D8 /* AppDelegate.swift in Sources */,
				1C0620FB2629E276005C67D8 /* API.swift in Sources */,
				1C0620FF2629E2E9005C67D8 /* TextField.swift in Sources */,
				1C0620DD2629DD47005C67D8 /* SceneDelegate.swift in Sources */,
			);
			runOnlyForDeploymentPostprocessing = 0;
		};
/* End PBXSourcesBuildPhase section */

/* Begin PBXVariantGroup section */
		1C0620E02629DD47005C67D8 /* Main.storyboard */ = {
			isa = PBXVariantGroup;
			children = (
				1C0620E12629DD47005C67D8 /* Base */,
			);
			name = Main.storyboard;
			sourceTree = "<group>";
		};
		1C0620E52629DD48005C67D8 /* LaunchScreen.storyboard */ = {
			isa = PBXVariantGroup;
			children = (
				1C0620E62629DD48005C67D8 /* Base */,
			);
			name = LaunchScreen.storyboard;
			sourceTree = "<group>";
		};
/* End PBXVariantGroup section */

/* Begin XCBuildConfiguration section */
		1C0620E92629DD48005C67D8 /* Debug */ = {
			isa = XCBuildConfiguration;
			buildSettings = {
				ALWAYS_SEARCH_USER_PATHS = NO;
				CLANG_ANALYZER_NONNULL = YES;
				CLANG_ANALYZER_NUMBER_OBJECT_CONVERSION = YES_AGGRESSIVE;
				CLANG_CXX_LANGUAGE_STANDARD = "gnu++14";
				CLANG_CXX_LIBRARY = "libc++";
				CLANG_ENABLE_MODULES = YES;
				CLANG_ENABLE_OBJC_ARC = YES;
				CLANG_ENABLE_OBJC_WEAK = YES;
				CLANG_WARN_BLOCK_CAPTURE_AUTORELEASING = YES;
				CLANG_WARN_BOOL_CONVERSION = YES;
				CLANG_WARN_COMMA = YES;
				CLANG_WARN_CONSTANT_CONVERSION = YES;
				CLANG_WARN_DEPRECATED_OBJC_IMPLEMENTATIONS = YES;
				CLANG_WARN_DIRECT_OBJC_ISA_USAGE = YES_ERROR;
				CLANG_WARN_DOCUMENTATION_COMMENTS = YES;
				CLANG_WARN_EMPTY_BODY = YES;
				CLANG_WARN_ENUM_CONVERSION = YES;
				CLANG_WARN_INFINITE_RECURSION = YES;
				CLANG_WARN_INT_CONVERSION = YES;
				CLANG_WARN_NON_LITERAL_NULL_CONVERSION = YES;
				CLANG_WARN_OBJC_IMPLICIT_RETAIN_SELF = YES;
				CLANG_WARN_OBJC_LITERAL_CONVERSION = YES;
				CLANG_WARN_OBJC_ROOT_CLASS = YES_ERROR;
				CLANG_WARN_QUOTED_INCLUDE_IN_FRAMEWORK_HEADER = YES;
				CLANG_WARN_RANGE_LOOP_ANALYSIS = YES;
				CLANG_WARN_STRICT_PROTOTYPES = YES;
				CLANG_WARN_SUSPICIOUS_MOVE = YES;
				CLANG_WARN_UNGUARDED_AVAILABILITY = YES_AGGRESSIVE;
				CLANG_WARN_UNREACHABLE_CODE = YES;
				CLANG_WARN__DUPLICATE_METHOD_MATCH = YES;
				COPY_PHASE_STRIP = NO;
				DEBUG_INFORMATION_FORMAT = dwarf;
				ENABLE_STRICT_OBJC_MSGSEND = YES;
				ENABLE_TESTABILITY = YES;
				GCC_C_LANGUAGE_STANDARD = gnu11;
				GCC_DYNAMIC_NO_PIC = NO;
				GCC_NO_COMMON_BLOCKS = YES;
				GCC_OPTIMIZATION_LEVEL = 0;
				GCC_PREPROCESSOR_DEFINITIONS = (
					"DEBUG=1",
					"$(inherited)",
				);
				GCC_WARN_64_TO_32_BIT_CONVERSION = YES;
				GCC_WARN_ABOUT_RETURN_TYPE = YES_ERROR;
				GCC_WARN_UNDECLARED_SELECTOR = YES;
				GCC_WARN_UNINITIALIZED_AUTOS = YES_AGGRESSIVE;
				GCC_WARN_UNUSED_FUNCTION = YES;
				GCC_WARN_UNUSED_VARIABLE = YES;
				INFOPLIST_FILE = "";
				IPHONEOS_DEPLOYMENT_TARGET = 14.4;
				MTL_ENABLE_DEBUG_INFO = INCLUDE_SOURCE;
				MTL_FAST_MATH = YES;
				ONLY_ACTIVE_ARCH = YES;
				SDKROOT = iphoneos;
				SWIFT_ACTIVE_COMPILATION_CONDITIONS = DEBUG;
				SWIFT_OPTIMIZATION_LEVEL = "-Onone";
			};
			name = Debug;
		};
		1C0620EA2629DD48005C67D8 /* Release */ = {
			isa = XCBuildConfiguration;
			buildSettings = {
				ALWAYS_SEARCH_USER_PATHS = NO;
				CLANG_ANALYZER_NONNULL = YES;
				CLANG_ANALYZER_NUMBER_OBJECT_CONVERSION = YES_AGGRESSIVE;
				CLANG_CXX_LANGUAGE_STANDARD = "gnu++14";
				CLANG_CXX_LIBRARY = "libc++";
				CLANG_ENABLE_MODULES = YES;
				CLANG_ENABLE_OBJC_ARC = YES;
				CLANG_ENABLE_OBJC_WEAK = YES;
				CLANG_WARN_BLOCK_CAPTURE_AUTORELEASING = YES;
				CLANG_WARN_BOOL_CONVERSION = YES;
				CLANG_WARN_COMMA = YES;
				CLANG_WARN_CONSTANT_CONVERSION = YES;
				CLANG_WARN_DEPRECATED_OBJC_IMPLEMENTATIONS = YES;
				CLANG_WARN_DIRECT_OBJC_ISA_USAGE = YES_ERROR;
				CLANG_WARN_DOCUMENTATION_COMMENTS = YES;
				CLANG_WARN_EMPTY_BODY = YES;
				CLANG_WARN_ENUM_CONVERSION = YES;
				CLANG_WARN_INFINITE_RECURSION = YES;
				CLANG_WARN_INT_CONVERSION = YES;
				CLANG_WARN_NON_LITERAL_NULL_CONVERSION = YES;
				CLANG_WARN_OBJC_IMPLICIT_RETAIN_SELF = YES;
				CLANG_WARN_OBJC_LITERAL_CONVERSION = YES;
				CLANG_WARN_OBJC_ROOT_CLASS = YES_ERROR;
				CLANG_WARN_QUOTED_INCLUDE_IN_FRAMEWORK_HEADER = YES;
				CLANG_WARN_RANGE_LOOP_ANALYSIS = YES;
				CLANG_WARN_STRICT_PROTOTYPES = YES;
				CLANG_WARN_SUSPICIOUS_MOVE = YES;
				CLANG_WARN_UNGUARDED_AVAILABILITY = YES_AGGRESSIVE;
				CLANG_WARN_UNREACHABLE_CODE = YES;
				CLANG_WARN__DUPLICATE_METHOD_MATCH = YES;
				COPY_PHASE_STRIP = NO;
				DEBUG_INFORMATION_FORMAT = "dwarf-with-dsym";
				ENABLE_NS_ASSERTIONS = NO;
				ENABLE_STRICT_OBJC_MSGSEND = YES;
				GCC_C_LANGUAGE_STANDARD = gnu11;
				GCC_NO_COMMON_BLOCKS = YES;
				GCC_WARN_64_TO_32_BIT_CONVERSION = YES;
				GCC_WARN_ABOUT_RETURN_TYPE = YES_ERROR;
				GCC_WARN_UNDECLARED_SELECTOR = YES;
				GCC_WARN_UNINITIALIZED_AUTOS = YES_AGGRESSIVE;
				GCC_WARN_UNUSED_FUNCTION = YES;
				GCC_WARN_UNUSED_VARIABLE = YES;
				INFOPLIST_FILE = "";
				IPHONEOS_DEPLOYMENT_TARGET = 14.4;
				MTL_ENABLE_DEBUG_INFO = NO;
				MTL_FAST_MATH = YES;
				SDKROOT = iphoneos;
				SWIFT_COMPILATION_MODE = wholemodule;
				SWIFT_OPTIMIZATION_LEVEL = "-O";
				VALIDATE_PRODUCT = YES;
			};
			name = Release;
		};
		1C0620EC2629DD48005C67D8 /* Debug */ = {
			isa = XCBuildConfiguration;
			buildSettings = {
				ASSETCATALOG_COMPILER_APPICON_NAME = AppIcon;
				ASSETCATALOG_COMPILER_GLOBAL_ACCENT_COLOR_NAME = AccentColor;
				CODE_SIGN_STYLE = Automatic;
				INFOPLIST_FILE = "Pirt rosivda/Info.plist";
				LD_RUNPATH_SEARCH_PATHS = (
					"$(inherited)",
					"@executable_path/Frameworks",
				);
				PRODUCT_BUNDLE_IDENTIFIER = "fr.efrei.Pirt-rosivda";
				PRODUCT_NAME = "$(TARGET_NAME)";
				SWIFT_VERSION = 5.0;
				TARGETED_DEVICE_FAMILY = "1,2";
			};
			name = Debug;
		};
		1C0620ED2629DD48005C67D8 /* Release */ = {
			isa = XCBuildConfiguration;
			buildSettings = {
				ASSETCATALOG_COMPILER_APPICON_NAME = AppIcon;
				ASSETCATALOG_COMPILER_GLOBAL_ACCENT_COLOR_NAME = AccentColor;
				CODE_SIGN_STYLE = Automatic;
				INFOPLIST_FILE = "Pirt rosivda/Info.plist";
				LD_RUNPATH_SEARCH_PATHS = (
					"$(inherited)",
					"@executable_path/Frameworks",
				);
				PRODUCT_BUNDLE_IDENTIFIER = "fr.efrei.Pirt-rosivda";
				PRODUCT_NAME = "$(TARGET_NAME)";
				SWIFT_VERSION = 5.0;
				TARGETED_DEVICE_FAMILY = "1,2";
			};
			name = Release;
		};
/* End XCBuildConfiguration section */

/* Begin XCConfigurationList section */
		1C0620D22629DD47005C67D8 /* Build configuration list for PBXProject "Pirt rosivda" */ = {
			isa = XCConfigurationList;
			buildConfigurations = (
				1C0620E92629DD48005C67D8 /* Debug */,
				1C0620EA2629DD48005C67D8 /* Release */,
			);
			defaultConfigurationIsVisible = 0;
			defaultConfigurationName = Release;
		};
		1C0620EB2629DD48005C67D8 /* Build configuration list for PBXNativeTarget "Pirt rosivda" */ = {
			isa = XCConfigurationList;
			buildConfigurations = (
				1C0620EC2629DD48005C67D8 /* Debug */,
				1C0620ED2629DD48005C67D8 /* Release */,
			);
			defaultConfigurationIsVisible = 0;
			defaultConfigurationName = Release;
		};
/* End XCConfigurationList section */
	};
	rootObject = 1C0620CF2629DD47005C67D8 /* Project object */;
}
